
Microsoft Visual Studio Solution File, Format Version 12.00
# Visual Studio 15
VisualStudioVersion = 15.0.27130.2010
MinimumVisualStudioVersion = 10.0.40219.1
Project("{9A19103F-16F7-4668-BE54-9A1E7A4F7556}") = "Anabi", "Anabi\Anabi.csproj", "{53B03776-32A0-47F3-9B1B-E18D3DD433A0}"
EndProject
Project("{2150E333-8FDC-42A3-9474-1A3956D46DE8}") = "Infrastructure", "Infrastructure", "{541F5C19-735D-4D0D-87CB-19A9E563CB27}"
EndProject
Project("{9A19103F-16F7-4668-BE54-9A1E7A4F7556}") = "Anabi.DataAccess.Ef", "Anabi.DataAccess.Ef\Anabi.DataAccess.Ef.csproj", "{5CC2D3CB-38C8-4003-BD63-6CBFFCA76FF0}"
EndProject
Project("{2150E333-8FDC-42A3-9474-1A3956D46DE8}") = "Domain", "Domain", "{05C188CA-CA1B-4A4A-986E-72611FFAE255}"
EndProject
Project("{9A19103F-16F7-4668-BE54-9A1E7A4F7556}") = "Anabi.Domain", "Anabi.Domain.Core\Anabi.Domain.csproj", "{8C62A47E-E356-439D-9EBE-DBFEAFFF510A}"
EndProject
Project("{9A19103F-16F7-4668-BE54-9A1E7A4F7556}") = "AnabiControllers.Tests", "AnabiControllers.Tests\AnabiControllers.Tests.csproj", "{E9699666-9581-48A2-B17C-DDF886B54225}"
	ProjectSection(ProjectDependencies) = postProject
		{8C62A47E-E356-439D-9EBE-DBFEAFFF510A} = {8C62A47E-E356-439D-9EBE-DBFEAFFF510A}
	EndProjectSection
EndProject
Project("{9A19103F-16F7-4668-BE54-9A1E7A4F7556}") = "Anabi.Common", "Anabi.Common\Anabi.Common.csproj", "{52170705-98A5-4341-B8C6-434C68EF561F}"
EndProject
Project("{FAE04EC0-301F-11D3-BF4B-00C04F79EFBC}") = "Anabi.Security", "Anabi.Security\Anabi.Security.csproj", "{739524E9-96A3-462E-9C15-330C50B55B34}"
EndProject
Global
	GlobalSection(SolutionConfigurationPlatforms) = preSolution
		Debug|Any CPU = Debug|Any CPU
		Release|Any CPU = Release|Any CPU
	EndGlobalSection
	GlobalSection(ProjectConfigurationPlatforms) = postSolution
		{53B03776-32A0-47F3-9B1B-E18D3DD433A0}.Debug|Any CPU.ActiveCfg = Debug|Any CPU
		{53B03776-32A0-47F3-9B1B-E18D3DD433A0}.Debug|Any CPU.Build.0 = Debug|Any CPU
		{53B03776-32A0-47F3-9B1B-E18D3DD433A0}.Release|Any CPU.ActiveCfg = Release|Any CPU
		{53B03776-32A0-47F3-9B1B-E18D3DD433A0}.Release|Any CPU.Build.0 = Release|Any CPU
		{5CC2D3CB-38C8-4003-BD63-6CBFFCA76FF0}.Debug|Any CPU.ActiveCfg = Debug|Any CPU
		{5CC2D3CB-38C8-4003-BD63-6CBFFCA76FF0}.Debug|Any CPU.Build.0 = Debug|Any CPU
		{5CC2D3CB-38C8-4003-BD63-6CBFFCA76FF0}.Release|Any CPU.ActiveCfg = Release|Any CPU
		{5CC2D3CB-38C8-4003-BD63-6CBFFCA76FF0}.Release|Any CPU.Build.0 = Release|Any CPU
		{8C62A47E-E356-439D-9EBE-DBFEAFFF510A}.Debug|Any CPU.ActiveCfg = Debug|Any CPU
		{8C62A47E-E356-439D-9EBE-DBFEAFFF510A}.Debug|Any CPU.Build.0 = Debug|Any CPU
		{8C62A47E-E356-439D-9EBE-DBFEAFFF510A}.Release|Any CPU.ActiveCfg = Release|Any CPU
		{8C62A47E-E356-439D-9EBE-DBFEAFFF510A}.Release|Any CPU.Build.0 = Release|Any CPU
		{E9699666-9581-48A2-B17C-DDF886B54225}.Debug|Any CPU.ActiveCfg = Debug|Any CPU
		{E9699666-9581-48A2-B17C-DDF886B54225}.Debug|Any CPU.Build.0 = Debug|Any CPU
		{E9699666-9581-48A2-B17C-DDF886B54225}.Release|Any CPU.ActiveCfg = Release|Any CPU
		{52170705-98A5-4341-B8C6-434C68EF561F}.Debug|Any CPU.ActiveCfg = Debug|Any CPU
		{52170705-98A5-4341-B8C6-434C68EF561F}.Debug|Any CPU.Build.0 = Debug|Any CPU
		{52170705-98A5-4341-B8C6-434C68EF561F}.Release|Any CPU.ActiveCfg = Release|Any CPU
		{52170705-98A5-4341-B8C6-434C68EF561F}.Release|Any CPU.Build.0 = Release|Any CPU
		{739524E9-96A3-462E-9C15-330C50B55B34}.Debug|Any CPU.ActiveCfg = Debug|Any CPU
		{739524E9-96A3-462E-9C15-330C50B55B34}.Debug|Any CPU.Build.0 = Debug|Any CPU
		{739524E9-96A3-462E-9C15-330C50B55B34}.Release|Any CPU.ActiveCfg = Release|Any CPU
		{739524E9-96A3-462E-9C15-330C50B55B34}.Release|Any CPU.Build.0 = Release|Any CPU
	EndGlobalSection
	GlobalSection(SolutionProperties) = preSolution
		HideSolutionNode = FALSE
	EndGlobalSection
	GlobalSection(NestedProjects) = preSolution
		{5CC2D3CB-38C8-4003-BD63-6CBFFCA76FF0} = {541F5C19-735D-4D0D-87CB-19A9E563CB27}
		{8C62A47E-E356-439D-9EBE-DBFEAFFF510A} = {05C188CA-CA1B-4A4A-986E-72611FFAE255}
		{52170705-98A5-4341-B8C6-434C68EF561F} = {541F5C19-735D-4D0D-87CB-19A9E563CB27}
		{739524E9-96A3-462E-9C15-330C50B55B34} = {541F5C19-735D-4D0D-87CB-19A9E563CB27}
	EndGlobalSection
	GlobalSection(ExtensibilityGlobals) = postSolution
		SolutionGuid = {DCF896A4-DBE2-48C4-B043-00DC8E06CD2A}
	EndGlobalSection
	GlobalSection(MonoDevelopProperties) = preSolution
		Policies = $0
		$0.DotNetNamingPolicy = $1
		$1.DirectoryNamespaceAssociation = PrefixedHierarchical
		$0.StandardHeader = $2
		$0.VersionControlPolicy = $3
	EndGlobalSection
EndGlobal
