
Microsoft Visual Studio Solution File, Format Version 12.00
# Visual Studio Version 16
VisualStudioVersion = 16.0.28803.202
MinimumVisualStudioVersion = 10.0.40219.1
Project("{9A19103F-16F7-4668-BE54-9A1E7A4F7556}") = "Anabi", "Anabi\Anabi.csproj", "{53B03776-32A0-47F3-9B1B-E18D3DD433A0}"
EndProject
Project("{2150E333-8FDC-42A3-9474-1A3956D46DE8}") = "Infrastructure", "Infrastructure", "{541F5C19-735D-4D0D-87CB-19A9E563CB27}"
EndProject
Project("{9A19103F-16F7-4668-BE54-9A1E7A4F7556}") = "Anabi.DataAccess.Ef", "Anabi.DataAccess.Ef\Anabi.DataAccess.Ef.csproj", "{5CC2D3CB-38C8-4003-BD63-6CBFFCA76FF0}"
EndProject
Project("{2150E333-8FDC-42A3-9474-1A3956D46DE8}") = "Domain", "Domain", "{05C188CA-CA1B-4A4A-986E-72611FFAE255}"
EndProject
Project("{9A19103F-16F7-4668-BE54-9A1E7A4F7556}") = "Anabi.Domain", "Anabi.Domain.Core\Anabi.Domain.csproj", "{8C62A47E-E356-439D-9EBE-DBFEAFFF510A}"
EndProject
Project("{9A19103F-16F7-4668-BE54-9A1E7A4F7556}") = "AnabiControllers.Tests", "AnabiControllers.Tests\AnabiControllers.Tests.csproj", "{E9699666-9581-48A2-B17C-DDF886B54225}"
	ProjectSection(ProjectDependencies) = postProject
		{8C62A47E-E356-439D-9EBE-DBFEAFFF510A} = {8C62A47E-E356-439D-9EBE-DBFEAFFF510A}
	EndProjectSection
EndProject
Project("{9A19103F-16F7-4668-BE54-9A1E7A4F7556}") = "Anabi.Common", "Anabi.Common\Anabi.Common.csproj", "{52170705-98A5-4341-B8C6-434C68EF561F}"
EndProject
Project("{9A19103F-16F7-4668-BE54-9A1E7A4F7556}") = "Anabi.Security", "Anabi.Security\Anabi.Security.csproj", "{739524E9-96A3-462E-9C15-330C50B55B34}"
EndProject
Project("{9A19103F-16F7-4668-BE54-9A1E7A4F7556}") = "Anabi.Domain.Tests", "Anabi.Domain.Tests\Anabi.Domain.Tests.csproj", "{6535EED6-8A0C-480A-A727-5822364A2C14}"
EndProject
Project("{9A19103F-16F7-4668-BE54-9A1E7A4F7556}") = "Anabi.Validators", "Anabi.Validators\Anabi.Validators.csproj", "{C1D9BEEC-7AE2-42D6-846E-995EF36C4DA3}"
EndProject
Project("{2150E333-8FDC-42A3-9474-1A3956D46DE8}") = "Tests", "Tests", "{04F8BCD4-E562-45AC-B9A6-3EC45543BEEB}"
EndProject
Project("{9A19103F-16F7-4668-BE54-9A1E7A4F7556}") = "Anabi.Integration.Tests", "Anabi.Integration.Tests\Anabi.Integration.Tests.csproj", "{2775C60A-E0DB-4DA7-BD69-7693B73330FC}"
EndProject
Project("{9A19103F-16F7-4668-BE54-9A1E7A4F7556}") = "Anabi.InstitutionsImporter", "Anabi.InstitutionsImporter\Anabi.InstitutionsImporter.csproj", "{D79ACB75-F2A5-4107-9A6F-2F461AE5541E}"
EndProject
Project("{9A19103F-16F7-4668-BE54-9A1E7A4F7556}") = "Anabi.InstitutionsImporter.Tests", "Anabi.InstitutionsImporter.Tests\Anabi.InstitutionsImporter.Tests.csproj", "{914D6DB2-C770-45D4-A340-2366496A8DF7}"
EndProject
Project("{FAE04EC0-301F-11D3-BF4B-00C04F79EFBC}") = "Anabi.Tests.Common", "Anabi.Tests.Common\Anabi.Tests.Common.csproj", "{22AF7230-A259-4041-AD9D-0A4729DD8FE3}"
EndProject
Global
	GlobalSection(SolutionConfigurationPlatforms) = preSolution
		Debug|Any CPU = Debug|Any CPU
		Release|Any CPU = Release|Any CPU
	EndGlobalSection
	GlobalSection(ProjectConfigurationPlatforms) = postSolution
		{53B03776-32A0-47F3-9B1B-E18D3DD433A0}.Debug|Any CPU.ActiveCfg = Debug|Any CPU
		{53B03776-32A0-47F3-9B1B-E18D3DD433A0}.Debug|Any CPU.Build.0 = Debug|Any CPU
		{53B03776-32A0-47F3-9B1B-E18D3DD433A0}.Release|Any CPU.ActiveCfg = Release|Any CPU
		{53B03776-32A0-47F3-9B1B-E18D3DD433A0}.Release|Any CPU.Build.0 = Release|Any CPU
		{5CC2D3CB-38C8-4003-BD63-6CBFFCA76FF0}.Debug|Any CPU.ActiveCfg = Debug|Any CPU
		{5CC2D3CB-38C8-4003-BD63-6CBFFCA76FF0}.Debug|Any CPU.Build.0 = Debug|Any CPU
		{5CC2D3CB-38C8-4003-BD63-6CBFFCA76FF0}.Release|Any CPU.ActiveCfg = Release|Any CPU
		{5CC2D3CB-38C8-4003-BD63-6CBFFCA76FF0}.Release|Any CPU.Build.0 = Release|Any CPU
		{8C62A47E-E356-439D-9EBE-DBFEAFFF510A}.Debug|Any CPU.ActiveCfg = Debug|Any CPU
		{8C62A47E-E356-439D-9EBE-DBFEAFFF510A}.Debug|Any CPU.Build.0 = Debug|Any CPU
		{8C62A47E-E356-439D-9EBE-DBFEAFFF510A}.Release|Any CPU.ActiveCfg = Release|Any CPU
		{8C62A47E-E356-439D-9EBE-DBFEAFFF510A}.Release|Any CPU.Build.0 = Release|Any CPU
		{E9699666-9581-48A2-B17C-DDF886B54225}.Debug|Any CPU.ActiveCfg = Debug|Any CPU
		{E9699666-9581-48A2-B17C-DDF886B54225}.Debug|Any CPU.Build.0 = Debug|Any CPU
		{E9699666-9581-48A2-B17C-DDF886B54225}.Release|Any CPU.ActiveCfg = Release|Any CPU
		{52170705-98A5-4341-B8C6-434C68EF561F}.Debug|Any CPU.ActiveCfg = Debug|Any CPU
		{52170705-98A5-4341-B8C6-434C68EF561F}.Debug|Any CPU.Build.0 = Debug|Any CPU
		{52170705-98A5-4341-B8C6-434C68EF561F}.Release|Any CPU.ActiveCfg = Release|Any CPU
		{52170705-98A5-4341-B8C6-434C68EF561F}.Release|Any CPU.Build.0 = Release|Any CPU
		{739524E9-96A3-462E-9C15-330C50B55B34}.Debug|Any CPU.ActiveCfg = Debug|Any CPU
		{739524E9-96A3-462E-9C15-330C50B55B34}.Debug|Any CPU.Build.0 = Debug|Any CPU
		{739524E9-96A3-462E-9C15-330C50B55B34}.Release|Any CPU.ActiveCfg = Release|Any CPU
		{739524E9-96A3-462E-9C15-330C50B55B34}.Release|Any CPU.Build.0 = Release|Any CPU
		{6535EED6-8A0C-480A-A727-5822364A2C14}.Debug|Any CPU.ActiveCfg = Debug|Any CPU
		{6535EED6-8A0C-480A-A727-5822364A2C14}.Debug|Any CPU.Build.0 = Debug|Any CPU
		{6535EED6-8A0C-480A-A727-5822364A2C14}.Release|Any CPU.ActiveCfg = Release|Any CPU
		{6535EED6-8A0C-480A-A727-5822364A2C14}.Release|Any CPU.Build.0 = Release|Any CPU
		{C1D9BEEC-7AE2-42D6-846E-995EF36C4DA3}.Debug|Any CPU.ActiveCfg = Debug|Any CPU
		{C1D9BEEC-7AE2-42D6-846E-995EF36C4DA3}.Debug|Any CPU.Build.0 = Debug|Any CPU
		{C1D9BEEC-7AE2-42D6-846E-995EF36C4DA3}.Release|Any CPU.ActiveCfg = Release|Any CPU
		{C1D9BEEC-7AE2-42D6-846E-995EF36C4DA3}.Release|Any CPU.Build.0 = Release|Any CPU
		{2775C60A-E0DB-4DA7-BD69-7693B73330FC}.Debug|Any CPU.ActiveCfg = Debug|Any CPU
		{2775C60A-E0DB-4DA7-BD69-7693B73330FC}.Debug|Any CPU.Build.0 = Debug|Any CPU
		{2775C60A-E0DB-4DA7-BD69-7693B73330FC}.Release|Any CPU.ActiveCfg = Release|Any CPU
		{2775C60A-E0DB-4DA7-BD69-7693B73330FC}.Release|Any CPU.Build.0 = Release|Any CPU
		{D79ACB75-F2A5-4107-9A6F-2F461AE5541E}.Debug|Any CPU.ActiveCfg = Debug|Any CPU
		{D79ACB75-F2A5-4107-9A6F-2F461AE5541E}.Debug|Any CPU.Build.0 = Debug|Any CPU
		{D79ACB75-F2A5-4107-9A6F-2F461AE5541E}.Release|Any CPU.ActiveCfg = Release|Any CPU
		{D79ACB75-F2A5-4107-9A6F-2F461AE5541E}.Release|Any CPU.Build.0 = Release|Any CPU
		{914D6DB2-C770-45D4-A340-2366496A8DF7}.Debug|Any CPU.ActiveCfg = Debug|Any CPU
		{914D6DB2-C770-45D4-A340-2366496A8DF7}.Debug|Any CPU.Build.0 = Debug|Any CPU
		{914D6DB2-C770-45D4-A340-2366496A8DF7}.Release|Any CPU.ActiveCfg = Release|Any CPU
		{914D6DB2-C770-45D4-A340-2366496A8DF7}.Release|Any CPU.Build.0 = Release|Any CPU
		{22AF7230-A259-4041-AD9D-0A4729DD8FE3}.Debug|Any CPU.ActiveCfg = Debug|Any CPU
		{22AF7230-A259-4041-AD9D-0A4729DD8FE3}.Debug|Any CPU.Build.0 = Debug|Any CPU
		{22AF7230-A259-4041-AD9D-0A4729DD8FE3}.Release|Any CPU.ActiveCfg = Release|Any CPU
		{22AF7230-A259-4041-AD9D-0A4729DD8FE3}.Release|Any CPU.Build.0 = Release|Any CPU
	EndGlobalSection
	GlobalSection(SolutionProperties) = preSolution
		HideSolutionNode = FALSE
	EndGlobalSection
	GlobalSection(NestedProjects) = preSolution
		{5CC2D3CB-38C8-4003-BD63-6CBFFCA76FF0} = {541F5C19-735D-4D0D-87CB-19A9E563CB27}
		{8C62A47E-E356-439D-9EBE-DBFEAFFF510A} = {05C188CA-CA1B-4A4A-986E-72611FFAE255}
		{E9699666-9581-48A2-B17C-DDF886B54225} = {04F8BCD4-E562-45AC-B9A6-3EC45543BEEB}
		{52170705-98A5-4341-B8C6-434C68EF561F} = {541F5C19-735D-4D0D-87CB-19A9E563CB27}
		{739524E9-96A3-462E-9C15-330C50B55B34} = {541F5C19-735D-4D0D-87CB-19A9E563CB27}
		{6535EED6-8A0C-480A-A727-5822364A2C14} = {04F8BCD4-E562-45AC-B9A6-3EC45543BEEB}
		{C1D9BEEC-7AE2-42D6-846E-995EF36C4DA3} = {541F5C19-735D-4D0D-87CB-19A9E563CB27}
		{2775C60A-E0DB-4DA7-BD69-7693B73330FC} = {04F8BCD4-E562-45AC-B9A6-3EC45543BEEB}
		{D79ACB75-F2A5-4107-9A6F-2F461AE5541E} = {541F5C19-735D-4D0D-87CB-19A9E563CB27}
		{914D6DB2-C770-45D4-A340-2366496A8DF7} = {04F8BCD4-E562-45AC-B9A6-3EC45543BEEB}
		{22AF7230-A259-4041-AD9D-0A4729DD8FE3} = {04F8BCD4-E562-45AC-B9A6-3EC45543BEEB}
	EndGlobalSection
	GlobalSection(ExtensibilityGlobals) = postSolution
		SolutionGuid = {DCF896A4-DBE2-48C4-B043-00DC8E06CD2A}
	EndGlobalSection
	GlobalSection(MonoDevelopProperties) = preSolution
		Policies = $0
		$0.DotNetNamingPolicy = $1
		$1.DirectoryNamespaceAssociation = PrefixedHierarchical
		$0.StandardHeader = $2
		$0.VersionControlPolicy = $3
	EndGlobalSection
EndGlobal
