
Microsoft Visual Studio Solution File, Format Version 12.00
# Visual Studio 15
VisualStudioVersion = 15.0.26430.14
MinimumVisualStudioVersion = 10.0.40219.1
Project("{9A19103F-16F7-4668-BE54-9A1E7A4F7556}") = "Anabi", "Anabi\Anabi.csproj", "{53B03776-32A0-47F3-9B1B-E18D3DD433A0}"
EndProject
Project("{2150E333-8FDC-42A3-9474-1A3956D46DE8}") = "Infrastructure", "Infrastructure", "{541F5C19-735D-4D0D-87CB-19A9E563CB27}"
EndProject
Project("{9A19103F-16F7-4668-BE54-9A1E7A4F7556}") = "Anabi.DataAccess.Abstractions", "Anabi.DataAccess.Abstractions\Anabi.DataAccess.Abstractions.csproj", "{E6B8A82E-2B6D-4983-BAA7-8CE51BA86A40}"
EndProject
Project("{9A19103F-16F7-4668-BE54-9A1E7A4F7556}") = "Anabi.DataAccess.Repositories", "Anabi.DataAccess.Repositories\Anabi.DataAccess.Repositories.csproj", "{51CD06A7-3113-4D3C-B9F1-58065E0C777A}"
EndProject
Project("{9A19103F-16F7-4668-BE54-9A1E7A4F7556}") = "Anabi.DataAccess.Ef", "Anabi.DataAccess.Ef\Anabi.DataAccess.Ef.csproj", "{5CC2D3CB-38C8-4003-BD63-6CBFFCA76FF0}"
EndProject
Project("{2150E333-8FDC-42A3-9474-1A3956D46DE8}") = "Domain", "Domain", "{05C188CA-CA1B-4A4A-986E-72611FFAE255}"
EndProject
Project("{9A19103F-16F7-4668-BE54-9A1E7A4F7556}") = "Anabi.Domain.Core", "Anabi.Domain.Core\Anabi.Domain.Core.csproj", "{8C62A47E-E356-439D-9EBE-DBFEAFFF510A}"
EndProject
Project("{FAE04EC0-301F-11D3-BF4B-00C04F79EFBC}") = "Tests.GeneratedStubs", "Tests.GeneratedStubs\Tests.GeneratedStubs.csproj", "{DE5B6C9B-6BF8-4461-8DE5-343A851A1456}"
EndProject
Project("{FAE04EC0-301F-11D3-BF4B-00C04F79EFBC}") = "AnabiControllers.Tests", "AnabiControllers.Tests\AnabiControllers.Tests.csproj", "{E9699666-9581-48A2-B17C-DDF886B54225}"
EndProject
Global
	GlobalSection(SolutionConfigurationPlatforms) = preSolution
		Debug|Any CPU = Debug|Any CPU
		Release|Any CPU = Release|Any CPU
	EndGlobalSection
	GlobalSection(ProjectConfigurationPlatforms) = postSolution
		{53B03776-32A0-47F3-9B1B-E18D3DD433A0}.Debug|Any CPU.ActiveCfg = Debug|Any CPU
		{53B03776-32A0-47F3-9B1B-E18D3DD433A0}.Debug|Any CPU.Build.0 = Debug|Any CPU
		{53B03776-32A0-47F3-9B1B-E18D3DD433A0}.Release|Any CPU.ActiveCfg = Release|Any CPU
		{53B03776-32A0-47F3-9B1B-E18D3DD433A0}.Release|Any CPU.Build.0 = Release|Any CPU
		{E6B8A82E-2B6D-4983-BAA7-8CE51BA86A40}.Debug|Any CPU.ActiveCfg = Debug|Any CPU
		{E6B8A82E-2B6D-4983-BAA7-8CE51BA86A40}.Debug|Any CPU.Build.0 = Debug|Any CPU
		{E6B8A82E-2B6D-4983-BAA7-8CE51BA86A40}.Release|Any CPU.ActiveCfg = Release|Any CPU
		{E6B8A82E-2B6D-4983-BAA7-8CE51BA86A40}.Release|Any CPU.Build.0 = Release|Any CPU
		{51CD06A7-3113-4D3C-B9F1-58065E0C777A}.Debug|Any CPU.ActiveCfg = Debug|Any CPU
		{51CD06A7-3113-4D3C-B9F1-58065E0C777A}.Debug|Any CPU.Build.0 = Debug|Any CPU
		{51CD06A7-3113-4D3C-B9F1-58065E0C777A}.Release|Any CPU.ActiveCfg = Release|Any CPU
		{51CD06A7-3113-4D3C-B9F1-58065E0C777A}.Release|Any CPU.Build.0 = Release|Any CPU
		{5CC2D3CB-38C8-4003-BD63-6CBFFCA76FF0}.Debug|Any CPU.ActiveCfg = Debug|Any CPU
		{5CC2D3CB-38C8-4003-BD63-6CBFFCA76FF0}.Debug|Any CPU.Build.0 = Debug|Any CPU
		{5CC2D3CB-38C8-4003-BD63-6CBFFCA76FF0}.Release|Any CPU.ActiveCfg = Release|Any CPU
		{5CC2D3CB-38C8-4003-BD63-6CBFFCA76FF0}.Release|Any CPU.Build.0 = Release|Any CPU
		{8C62A47E-E356-439D-9EBE-DBFEAFFF510A}.Debug|Any CPU.ActiveCfg = Debug|Any CPU
		{8C62A47E-E356-439D-9EBE-DBFEAFFF510A}.Debug|Any CPU.Build.0 = Debug|Any CPU
		{8C62A47E-E356-439D-9EBE-DBFEAFFF510A}.Release|Any CPU.ActiveCfg = Release|Any CPU
		{8C62A47E-E356-439D-9EBE-DBFEAFFF510A}.Release|Any CPU.Build.0 = Release|Any CPU
		{DE5B6C9B-6BF8-4461-8DE5-343A851A1456}.Debug|Any CPU.ActiveCfg = Debug|Any CPU
		{DE5B6C9B-6BF8-4461-8DE5-343A851A1456}.Debug|Any CPU.Build.0 = Debug|Any CPU
		{DE5B6C9B-6BF8-4461-8DE5-343A851A1456}.Release|Any CPU.ActiveCfg = Release|Any CPU
		{DE5B6C9B-6BF8-4461-8DE5-343A851A1456}.Release|Any CPU.Build.0 = Release|Any CPU
		{E9699666-9581-48A2-B17C-DDF886B54225}.Debug|Any CPU.ActiveCfg = Debug|Any CPU
		{E9699666-9581-48A2-B17C-DDF886B54225}.Debug|Any CPU.Build.0 = Debug|Any CPU
		{E9699666-9581-48A2-B17C-DDF886B54225}.Release|Any CPU.ActiveCfg = Release|Any CPU
		{E9699666-9581-48A2-B17C-DDF886B54225}.Release|Any CPU.Build.0 = Release|Any CPU
	EndGlobalSection
	GlobalSection(SolutionProperties) = preSolution
		HideSolutionNode = FALSE
	EndGlobalSection
	GlobalSection(NestedProjects) = preSolution
		{E6B8A82E-2B6D-4983-BAA7-8CE51BA86A40} = {541F5C19-735D-4D0D-87CB-19A9E563CB27}
		{51CD06A7-3113-4D3C-B9F1-58065E0C777A} = {541F5C19-735D-4D0D-87CB-19A9E563CB27}
		{5CC2D3CB-38C8-4003-BD63-6CBFFCA76FF0} = {541F5C19-735D-4D0D-87CB-19A9E563CB27}
		{8C62A47E-E356-439D-9EBE-DBFEAFFF510A} = {05C188CA-CA1B-4A4A-986E-72611FFAE255}
	EndGlobalSection
EndGlobal
